// !$*UTF8*$!
{
	archiveVersion = 1;
	classes = {
	};
	objectVersion = 50;
	objects = {

/* Begin PBXBuildFile section */
		512BED92216C66A300E09AD2 /* ContentViewController.swift in Sources */ = {isa = PBXBuildFile; fileRef = 512BED91216C66A300E09AD2 /* ContentViewController.swift */; };
		512BEDA0216C9C0D00E09AD2 /* ReadViewController.swift in Sources */ = {isa = PBXBuildFile; fileRef = 512BED9F216C9C0D00E09AD2 /* ReadViewController.swift */; };
		512BEDA3216CB63300E09AD2 /* BoardViewController.swift in Sources */ = {isa = PBXBuildFile; fileRef = 512BEDA1216CB63300E09AD2 /* BoardViewController.swift */; };
		512BEDA6216CC3EE00E09AD2 /* MetaData.swift in Sources */ = {isa = PBXBuildFile; fileRef = 512BEDA5216CC3EE00E09AD2 /* MetaData.swift */; };
		51F21EA12150F64000042193 /* AppDelegate.swift in Sources */ = {isa = PBXBuildFile; fileRef = 51F21EA02150F64000042193 /* AppDelegate.swift */; };
		51F21EA32150F64000042193 /* MainViewController.swift in Sources */ = {isa = PBXBuildFile; fileRef = 51F21EA22150F64000042193 /* MainViewController.swift */; };
		51F21EA52150F64200042193 /* Assets.xcassets in Resources */ = {isa = PBXBuildFile; fileRef = 51F21EA42150F64200042193 /* Assets.xcassets */; };
		51F21EA82150F64200042193 /* Main.storyboard in Resources */ = {isa = PBXBuildFile; fileRef = 51F21EA62150F64200042193 /* Main.storyboard */; };
/* End PBXBuildFile section */

/* Begin PBXFileReference section */
		512BED91216C66A300E09AD2 /* ContentViewController.swift */ = {isa = PBXFileReference; lastKnownFileType = sourcecode.swift; path = ContentViewController.swift; sourceTree = "<group>"; };
		512BED9F216C9C0D00E09AD2 /* ReadViewController.swift */ = {isa = PBXFileReference; lastKnownFileType = sourcecode.swift; path = ReadViewController.swift; sourceTree = "<group>"; };
		512BEDA1216CB63300E09AD2 /* BoardViewController.swift */ = {isa = PBXFileReference; lastKnownFileType = sourcecode.swift; path = BoardViewController.swift; sourceTree = "<group>"; };
		512BEDA5216CC3EE00E09AD2 /* MetaData.swift */ = {isa = PBXFileReference; lastKnownFileType = sourcecode.swift; path = MetaData.swift; sourceTree = "<group>"; };
		51F21E9D2150F64000042193 /* BBSReader.app */ = {isa = PBXFileReference; explicitFileType = wrapper.application; includeInIndex = 0; path = BBSReader.app; sourceTree = BUILT_PRODUCTS_DIR; };
		51F21EA02150F64000042193 /* AppDelegate.swift */ = {isa = PBXFileReference; lastKnownFileType = sourcecode.swift; path = AppDelegate.swift; sourceTree = "<group>"; };
		51F21EA22150F64000042193 /* MainViewController.swift */ = {isa = PBXFileReference; lastKnownFileType = sourcecode.swift; path = MainViewController.swift; sourceTree = "<group>"; };
		51F21EA42150F64200042193 /* Assets.xcassets */ = {isa = PBXFileReference; lastKnownFileType = folder.assetcatalog; path = Assets.xcassets; sourceTree = "<group>"; };
		51F21EA72150F64200042193 /* Base */ = {isa = PBXFileReference; lastKnownFileType = file.storyboard; name = Base; path = Base.lproj/Main.storyboard; sourceTree = "<group>"; };
		51F21EA92150F64200042193 /* Info.plist */ = {isa = PBXFileReference; lastKnownFileType = text.plist.xml; path = Info.plist; sourceTree = "<group>"; };
		51F21EAA2150F64200042193 /* BBSReader.entitlements */ = {isa = PBXFileReference; lastKnownFileType = text.plist.entitlements; path = BBSReader.entitlements; sourceTree = "<group>"; };
/* End PBXFileReference section */

/* Begin PBXFrameworksBuildPhase section */
		51F21E9A2150F64000042193 /* Frameworks */ = {
			isa = PBXFrameworksBuildPhase;
			buildActionMask = 2147483647;
			files = (
			);
			runOnlyForDeploymentPostprocessing = 0;
		};
/* End PBXFrameworksBuildPhase section */

/* Begin PBXGroup section */
		51F21E942150F64000042193 = {
			isa = PBXGroup;
			children = (
				51F21E9F2150F64000042193 /* BBSReader */,
				51F21E9E2150F64000042193 /* Products */,
			);
			sourceTree = "<group>";
		};
		51F21E9E2150F64000042193 /* Products */ = {
			isa = PBXGroup;
			children = (
				51F21E9D2150F64000042193 /* BBSReader.app */,
			);
			name = Products;
			sourceTree = "<group>";
		};
		51F21E9F2150F64000042193 /* BBSReader */ = {
			isa = PBXGroup;
			children = (
				51F21EA02150F64000042193 /* AppDelegate.swift */,
				51F21EA22150F64000042193 /* MainViewController.swift */,
				512BEDA1216CB63300E09AD2 /* BoardViewController.swift */,
				512BED91216C66A300E09AD2 /* ContentViewController.swift */,
				512BED9F216C9C0D00E09AD2 /* ReadViewController.swift */,
				51F21EA42150F64200042193 /* Assets.xcassets */,
				51F21EA62150F64200042193 /* Main.storyboard */,
				51F21EA92150F64200042193 /* Info.plist */,
				51F21EAA2150F64200042193 /* BBSReader.entitlements */,
				512BEDA5216CC3EE00E09AD2 /* MetaData.swift */,
			);
			path = BBSReader;
			sourceTree = "<group>";
		};
/* End PBXGroup section */

/* Begin PBXNativeTarget section */
		51F21E9C2150F64000042193 /* BBSReader */ = {
			isa = PBXNativeTarget;
			buildConfigurationList = 51F21EAD2150F64200042193 /* Build configuration list for PBXNativeTarget "BBSReader" */;
			buildPhases = (
				51F21E992150F64000042193 /* Sources */,
				51F21E9A2150F64000042193 /* Frameworks */,
				51F21E9B2150F64000042193 /* Resources */,
			);
			buildRules = (
			);
			dependencies = (
			);
			name = BBSReader;
			productName = BBSReader;
			productReference = 51F21E9D2150F64000042193 /* BBSReader.app */;
			productType = "com.apple.product-type.application";
		};
/* End PBXNativeTarget section */

/* Begin PBXProject section */
		51F21E952150F64000042193 /* Project object */ = {
			isa = PBXProject;
			attributes = {
				LastSwiftUpdateCheck = 1000;
				LastUpgradeCheck = 1000;
				ORGANIZATIONNAME = sixue;
				TargetAttributes = {
					51F21E9C2150F64000042193 = {
						CreatedOnToolsVersion = 10.0;
						SystemCapabilities = {
							com.apple.Sandbox = {
								enabled = 0;
							};
						};
					};
				};
			};
			buildConfigurationList = 51F21E982150F64000042193 /* Build configuration list for PBXProject "BBSReader" */;
			compatibilityVersion = "Xcode 9.3";
			developmentRegion = en;
			hasScannedForEncodings = 0;
			knownRegions = (
				en,
				Base,
			);
			mainGroup = 51F21E942150F64000042193;
			productRefGroup = 51F21E9E2150F64000042193 /* Products */;
			projectDirPath = "";
			projectRoot = "";
			targets = (
				51F21E9C2150F64000042193 /* BBSReader */,
			);
		};
/* End PBXProject section */

/* Begin PBXResourcesBuildPhase section */
		51F21E9B2150F64000042193 /* Resources */ = {
			isa = PBXResourcesBuildPhase;
			buildActionMask = 2147483647;
			files = (
				51F21EA52150F64200042193 /* Assets.xcassets in Resources */,
				51F21EA82150F64200042193 /* Main.storyboard in Resources */,
			);
			runOnlyForDeploymentPostprocessing = 0;
		};
/* End PBXResourcesBuildPhase section */

/* Begin PBXSourcesBuildPhase section */
		51F21E992150F64000042193 /* Sources */ = {
			isa = PBXSourcesBuildPhase;
			buildActionMask = 2147483647;
			files = (
				51F21EA32150F64000042193 /* MainViewController.swift in Sources */,
				512BED92216C66A300E09AD2 /* ContentViewController.swift in Sources */,
				512BEDA6216CC3EE00E09AD2 /* MetaData.swift in Sources */,
				512BEDA0216C9C0D00E09AD2 /* ReadViewController.swift in Sources */,
				51F21EA12150F64000042193 /* AppDelegate.swift in Sources */,
				512BEDA3216CB63300E09AD2 /* BoardViewController.swift in Sources */,
			);
			runOnlyForDeploymentPostprocessing = 0;
		};
/* End PBXSourcesBuildPhase section */

/* Begin PBXVariantGroup section */
		51F21EA62150F64200042193 /* Main.storyboard */ = {
			isa = PBXVariantGroup;
			children = (
				51F21EA72150F64200042193 /* Base */,
			);
			name = Main.storyboard;
			sourceTree = "<group>";
		};
/* End PBXVariantGroup section */

/* Begin XCBuildConfiguration section */
		51F21EAB2150F64200042193 /* Debug */ = {
			isa = XCBuildConfiguration;
			buildSettings = {
				ALWAYS_SEARCH_USER_PATHS = NO;
				CLANG_ANALYZER_NONNULL = YES;
				CLANG_ANALYZER_NUMBER_OBJECT_CONVERSION = YES_AGGRESSIVE;
				CLANG_CXX_LANGUAGE_STANDARD = "gnu++14";
				CLANG_CXX_LIBRARY = "libc++";
				CLANG_ENABLE_MODULES = YES;
				CLANG_ENABLE_OBJC_ARC = YES;
				CLANG_ENABLE_OBJC_WEAK = YES;
				CLANG_WARN_BLOCK_CAPTURE_AUTORELEASING = YES;
				CLANG_WARN_BOOL_CONVERSION = YES;
				CLANG_WARN_COMMA = YES;
				CLANG_WARN_CONSTANT_CONVERSION = YES;
				CLANG_WARN_DEPRECATED_OBJC_IMPLEMENTATIONS = YES;
				CLANG_WARN_DIRECT_OBJC_ISA_USAGE = YES_ERROR;
				CLANG_WARN_DOCUMENTATION_COMMENTS = YES;
				CLANG_WARN_EMPTY_BODY = YES;
				CLANG_WARN_ENUM_CONVERSION = YES;
				CLANG_WARN_INFINITE_RECURSION = YES;
				CLANG_WARN_INT_CONVERSION = YES;
				CLANG_WARN_NON_LITERAL_NULL_CONVERSION = YES;
				CLANG_WARN_OBJC_IMPLICIT_RETAIN_SELF = YES;
				CLANG_WARN_OBJC_LITERAL_CONVERSION = YES;
				CLANG_WARN_OBJC_ROOT_CLASS = YES_ERROR;
				CLANG_WARN_RANGE_LOOP_ANALYSIS = YES;
				CLANG_WARN_STRICT_PROTOTYPES = YES;
				CLANG_WARN_SUSPICIOUS_MOVE = YES;
				CLANG_WARN_UNGUARDED_AVAILABILITY = YES_AGGRESSIVE;
				CLANG_WARN_UNREACHABLE_CODE = YES;
				CLANG_WARN__DUPLICATE_METHOD_MATCH = YES;
				CODE_SIGN_IDENTITY = "-";
				COPY_PHASE_STRIP = NO;
				DEBUG_INFORMATION_FORMAT = dwarf;
				ENABLE_STRICT_OBJC_MSGSEND = YES;
				ENABLE_TESTABILITY = YES;
				GCC_C_LANGUAGE_STANDARD = gnu11;
				GCC_DYNAMIC_NO_PIC = NO;
				GCC_NO_COMMON_BLOCKS = YES;
				GCC_OPTIMIZATION_LEVEL = 0;
				GCC_PREPROCESSOR_DEFINITIONS = (
					"DEBUG=1",
					"$(inherited)",
				);
				GCC_WARN_64_TO_32_BIT_CONVERSION = YES;
				GCC_WARN_ABOUT_RETURN_TYPE = YES_ERROR;
				GCC_WARN_UNDECLARED_SELECTOR = YES;
				GCC_WARN_UNINITIALIZED_AUTOS = YES_AGGRESSIVE;
				GCC_WARN_UNUSED_FUNCTION = YES;
				GCC_WARN_UNUSED_VARIABLE = YES;
				MACOSX_DEPLOYMENT_TARGET = 10.13;
				MTL_ENABLE_DEBUG_INFO = INCLUDE_SOURCE;
				MTL_FAST_MATH = YES;
				ONLY_ACTIVE_ARCH = YES;
				SDKROOT = macosx;
				SWIFT_ACTIVE_COMPILATION_CONDITIONS = DEBUG;
				SWIFT_OPTIMIZATION_LEVEL = "-Onone";
			};
			name = Debug;
		};
		51F21EAC2150F64200042193 /* Release */ = {
			isa = XCBuildConfiguration;
			buildSettings = {
				ALWAYS_SEARCH_USER_PATHS = NO;
				CLANG_ANALYZER_NONNULL = YES;
				CLANG_ANALYZER_NUMBER_OBJECT_CONVERSION = YES_AGGRESSIVE;
				CLANG_CXX_LANGUAGE_STANDARD = "gnu++14";
				CLANG_CXX_LIBRARY = "libc++";
				CLANG_ENABLE_MODULES = YES;
				CLANG_ENABLE_OBJC_ARC = YES;
				CLANG_ENABLE_OBJC_WEAK = YES;
				CLANG_WARN_BLOCK_CAPTURE_AUTORELEASING = YES;
				CLANG_WARN_BOOL_CONVERSION = YES;
				CLANG_WARN_COMMA = YES;
				CLANG_WARN_CONSTANT_CONVERSION = YES;
				CLANG_WARN_DEPRECATED_OBJC_IMPLEMENTATIONS = YES;
				CLANG_WARN_DIRECT_OBJC_ISA_USAGE = YES_ERROR;
				CLANG_WARN_DOCUMENTATION_COMMENTS = YES;
				CLANG_WARN_EMPTY_BODY = YES;
				CLANG_WARN_ENUM_CONVERSION = YES;
				CLANG_WARN_INFINITE_RECURSION = YES;
				CLANG_WARN_INT_CONVERSION = YES;
				CLANG_WARN_NON_LITERAL_NULL_CONVERSION = YES;
				CLANG_WARN_OBJC_IMPLICIT_RETAIN_SELF = YES;
				CLANG_WARN_OBJC_LITERAL_CONVERSION = YES;
				CLANG_WARN_OBJC_ROOT_CLASS = YES_ERROR;
				CLANG_WARN_RANGE_LOOP_ANALYSIS = YES;
				CLANG_WARN_STRICT_PROTOTYPES = YES;
				CLANG_WARN_SUSPICIOUS_MOVE = YES;
				CLANG_WARN_UNGUARDED_AVAILABILITY = YES_AGGRESSIVE;
				CLANG_WARN_UNREACHABLE_CODE = YES;
				CLANG_WARN__DUPLICATE_METHOD_MATCH = YES;
				CODE_SIGN_IDENTITY = "-";
				COPY_PHASE_STRIP = NO;
				DEBUG_INFORMATION_FORMAT = "dwarf-with-dsym";
				ENABLE_NS_ASSERTIONS = NO;
				ENABLE_STRICT_OBJC_MSGSEND = YES;
				GCC_C_LANGUAGE_STANDARD = gnu11;
				GCC_NO_COMMON_BLOCKS = YES;
				GCC_WARN_64_TO_32_BIT_CONVERSION = YES;
				GCC_WARN_ABOUT_RETURN_TYPE = YES_ERROR;
				GCC_WARN_UNDECLARED_SELECTOR = YES;
				GCC_WARN_UNINITIALIZED_AUTOS = YES_AGGRESSIVE;
				GCC_WARN_UNUSED_FUNCTION = YES;
				GCC_WARN_UNUSED_VARIABLE = YES;
				MACOSX_DEPLOYMENT_TARGET = 10.13;
				MTL_ENABLE_DEBUG_INFO = NO;
				MTL_FAST_MATH = YES;
				SDKROOT = macosx;
				SWIFT_COMPILATION_MODE = wholemodule;
				SWIFT_OPTIMIZATION_LEVEL = "-O";
			};
			name = Release;
		};
		51F21EAE2150F64200042193 /* Debug */ = {
			isa = XCBuildConfiguration;
			buildSettings = {
				ASSETCATALOG_COMPILER_APPICON_NAME = AppIcon;
				CODE_SIGN_STYLE = Automatic;
				COMBINE_HIDPI_IMAGES = YES;
				INFOPLIST_FILE = BBSReader/Info.plist;
				LD_RUNPATH_SEARCH_PATHS = (
					"$(inherited)",
					"@executable_path/../Frameworks",
				);
				PRODUCT_BUNDLE_IDENTIFIER = sixue.BBSReader;
				PRODUCT_NAME = "$(TARGET_NAME)";
				SWIFT_VERSION = 4.2;
			};
			name = Debug;
		};
		51F21EAF2150F64200042193 /* Release */ = {
			isa = XCBuildConfiguration;
			buildSettings = {
				ASSETCATALOG_COMPILER_APPICON_NAME = AppIcon;
				CODE_SIGN_STYLE = Automatic;
				COMBINE_HIDPI_IMAGES = YES;
				INFOPLIST_FILE = BBSReader/Info.plist;
				LD_RUNPATH_SEARCH_PATHS = (
					"$(inherited)",
					"@executable_path/../Frameworks",
				);
				PRODUCT_BUNDLE_IDENTIFIER = sixue.BBSReader;
				PRODUCT_NAME = "$(TARGET_NAME)";
				SWIFT_VERSION = 4.2;
			};
			name = Release;
		};
/* End XCBuildConfiguration section */

/* Begin XCConfigurationList section */
		51F21E982150F64000042193 /* Build configuration list for PBXProject "BBSReader" */ = {
			isa = XCConfigurationList;
			buildConfigurations = (
				51F21EAB2150F64200042193 /* Debug */,
				51F21EAC2150F64200042193 /* Release */,
			);
			defaultConfigurationIsVisible = 0;
			defaultConfigurationName = Release;
		};
		51F21EAD2150F64200042193 /* Build configuration list for PBXNativeTarget "BBSReader" */ = {
			isa = XCConfigurationList;
			buildConfigurations = (
				51F21EAE2150F64200042193 /* Debug */,
				51F21EAF2150F64200042193 /* Release */,
			);
			defaultConfigurationIsVisible = 0;
			defaultConfigurationName = Release;
		};
/* End XCConfigurationList section */
	};
	rootObject = 51F21E952150F64000042193 /* Project object */;
}
